{
	"name": "communityvi-swagger-ui-bundle",
	"version": "0.0.1",
	"lockfileVersion": 2,
	"requires": true,
	"packages": {
		"": {
			"name": "communityvi-swagger-ui-bundle",
			"version": "0.0.1",
			"license": "Apache-2.0",
			"dependencies": {
				"swagger-ui-dist": "^4.14.3"
			}
		},
		"node_modules/swagger-ui-dist": {
			"version": "4.14.3",
			"resolved": "https://registry.npmjs.org/swagger-ui-dist/-/swagger-ui-dist-4.14.3.tgz",
			"integrity": "sha512-Y7Sta24I9r+G6dX3ZTIq9Psr55cDC3myCB0E00ZnVkB0Wn3cO77NdLXSM0f90WZh9VpgTetKpMPR3n2VqKr+lQ=="
		}
	},
	"dependencies": {
		"swagger-ui-dist": {
			"version": "4.14.3",
			"resolved": "https://registry.npmjs.org/swagger-ui-dist/-/swagger-ui-dist-4.14.3.tgz",
			"integrity": "sha512-Y7Sta24I9r+G6dX3ZTIq9Psr55cDC3myCB0E00ZnVkB0Wn3cO77NdLXSM0f90WZh9VpgTetKpMPR3n2VqKr+lQ=="
		}
	}
}
