{
	"name": "communityvi-swagger-ui-bundle",
	"version": "0.0.1",
	"lockfileVersion": 2,
	"requires": true,
	"packages": {
		"": {
			"name": "communityvi-swagger-ui-bundle",
			"version": "0.0.1",
			"license": "Apache-2.0",
			"dependencies": {
				"swagger-ui-dist": "^4.14.1"
			}
		},
		"node_modules/swagger-ui-dist": {
			"version": "4.14.1",
			"resolved": "https://registry.npmjs.org/swagger-ui-dist/-/swagger-ui-dist-4.14.1.tgz",
			"integrity": "sha512-GjK581G3ZMOw1vLiQyMV+XHXSE4F83/2E48Y8Cs+X+25QHegwPu/83+GDCls3htPZvEOr0IG+oVljhMyuRy1kA=="
		}
	},
	"dependencies": {
		"swagger-ui-dist": {
			"version": "4.14.1",
			"resolved": "https://registry.npmjs.org/swagger-ui-dist/-/swagger-ui-dist-4.14.1.tgz",
			"integrity": "sha512-GjK581G3ZMOw1vLiQyMV+XHXSE4F83/2E48Y8Cs+X+25QHegwPu/83+GDCls3htPZvEOr0IG+oVljhMyuRy1kA=="
		}
	}
}
