{
	"name": "communityvi-swagger-ui-bundle",
	"version": "0.0.1",
	"lockfileVersion": 2,
	"requires": true,
	"packages": {
		"": {
			"name": "communityvi-swagger-ui-bundle",
			"version": "0.0.1",
			"license": "Apache-2.0",
			"dependencies": {
				"swagger-ui-dist": "^4.15.0"
			}
		},
		"node_modules/swagger-ui-dist": {
			"version": "4.15.0",
			"resolved": "https://registry.npmjs.org/swagger-ui-dist/-/swagger-ui-dist-4.15.0.tgz",
			"integrity": "sha512-vAsIdNHraLuBRm1vrxcMaLk/y/PGBTvHLf4lQGQ3LaEXkORtIxw11sBMpYJL3keOLaFJ1OqNXuURd6eShoFLZQ=="
		}
	},
	"dependencies": {
		"swagger-ui-dist": {
			"version": "4.15.0",
			"resolved": "https://registry.npmjs.org/swagger-ui-dist/-/swagger-ui-dist-4.15.0.tgz",
			"integrity": "sha512-vAsIdNHraLuBRm1vrxcMaLk/y/PGBTvHLf4lQGQ3LaEXkORtIxw11sBMpYJL3keOLaFJ1OqNXuURd6eShoFLZQ=="
		}
	}
}
